Microsoft Visual Studio Solution File, Format Version 12.00
# Visual Studio Version 17
VisualStudioVersion = 17.0.31903.59
MinimumVisualStudioVersion = 10.0.40219.1
Project("{FAE04EC0-301F-11D3-BF4B-00C04F79EFBC}") = "GradskiTransport.Presentation", "GradskiTransport.Presentation\GradskiTransport.Presentation.csproj", "{006AB018-A33B-40ED-BABC-6E0F154B0E19}"
EndProject
Project("{FAE04EC0-301F-11D3-BF4B-00C04F79EFBC}") = "GradskiTransport.Data", "GradskiTransport.Data\GradskiTransport.Data.csproj", "{A1B2C3D4-E5F6-7890-ABCD-EF1234567890}"
EndProject
Project("{FAE04EC0-301F-11D3-BF4B-00C04F79EFBC}") = "GradskiTransport.Business", "GradskiTransport.Business\GradskiTransport.Business.csproj", "{582A6959-16D7-4CA2-8D3B-0982D31440C3}"
EndProject
Project("{FAE04EC0-301F-11D3-BF4B-00C04F79EFBC}") = "GradskiTransport.Shared", "GradskiTransport.Shared\GradskiTransport.Shared.csproj", "{63FFC495-146C-4332-B1F4-88B08CBC816D}"
EndProject
Global
	GlobalSection(SolutionConfigurationPlatforms) = preSolution
		Debug|Any CPU = Debug|Any CPU
		Release|Any CPU = Release|Any CPU
	EndGlobalSection
	GlobalSection(ProjectConfigurationPlatforms) = postSolution
		{006AB018-A33B-40ED-BABC-6E0F154B0E19}.Debug|Any CPU.ActiveCfg = Debug|Any CPU
		{006AB018-A33B-40ED-BABC-6E0F154B0E19}.Debug|Any CPU.Build.0 = Debug|Any CPU
		{006AB018-A33B-40ED-BABC-6E0F154B0E19}.Release|Any CPU.ActiveCfg = Release|Any CPU
		{006AB018-A33B-40ED-BABC-6E0F154B0E19}.Release|Any CPU.Build.0 = Release|Any CPU
		{A1B2C3D4-E5F6-7890-ABCD-EF1234567890}.Debug|Any CPU.ActiveCfg = Debug|Any CPU
		{A1B2C3D4-E5F6-7890-ABCD-EF1234567890}.Debug|Any CPU.Build.0 = Debug|Any CPU
		{A1B2C3D4-E5F6-7890-ABCD-EF1234567890}.Release|Any CPU.ActiveCfg = Release|Any CPU
		{A1B2C3D4-E5F6-7890-ABCD-EF1234567890}.Release|Any CPU.Build.0 = Release|Any CPU
		{582A6959-16D7-4CA2-8D3B-0982D31440C3}.Debug|Any CPU.ActiveCfg = Debug|Any CPU
		{582A6959-16D7-4CA2-8D3B-0982D31440C3}.Debug|Any CPU.Build.0 = Debug|Any CPU
		{582A6959-16D7-4CA2-8D3B-0982D31440C3}.Release|Any CPU.ActiveCfg = Release|Any CPU
		{582A6959-16D7-4CA2-8D3B-0982D31440C3}.Release|Any CPU.Build.0 = Release|Any CPU
		{63FFC495-146C-4332-B1F4-88B08CBC816D}.Debug|Any CPU.ActiveCfg = Debug|Any CPU
		{63FFC495-146C-4332-B1F4-88B08CBC816D}.Debug|Any CPU.Build.0 = Debug|Any CPU
		{63FFC495-146C-4332-B1F4-88B08CBC816D}.Release|Any CPU.ActiveCfg = Release|Any CPU
		{63FFC495-146C-4332-B1F4-88B08CBC816D}.Release|Any CPU.Build.0 = Release|Any CPU
	EndGlobalSection
	GlobalSection(SolutionProperties) = preSolution
		HideSolutionNode = FALSE
	EndGlobalSection
	GlobalSection(ExtensibilityGlobals) = postSolution
		SolutionGuid = {12345678-1234-1234-1234-123456789012}
	EndGlobalSection
	GlobalSection(StartupProject) = preSolution
		{006AB018-A33B-40ED-BABC-6E0F154B0E19} = GradskiTransport.Presentation
	EndGlobalSection
EndGlobal
